
Microsoft Visual Studio Solution File, Format Version 12.00
# Visual Studio Version 17
VisualStudioVersion = 17.5.002.0
MinimumVisualStudioVersion = 10.0.40219.1
Project("{9A19103F-16F7-4668-BE54-9A1E7A4F7556}") = "ItemsApi", "ItemsApi\ItemsApi.csproj", "{916D1943-5341-4F2C-9F83-64C4509B5B84}"
EndProject
Global
	GlobalSection(SolutionConfigurationPlatforms) = preSolution
		Debug|Any CPU = Debug|Any CPU
		Release|Any CPU = Release|Any CPU
	EndGlobalSection
	GlobalSection(ProjectConfigurationPlatforms) = postSolution
		{916D1943-5341-4F2C-9F83-64C4509B5B84}.Debug|Any CPU.ActiveCfg = Debug|Any CPU
		{916D1943-5341-4F2C-9F83-64C4509B5B84}.Debug|Any CPU.Build.0 = Debug|Any CPU
		{916D1943-5341-4F2C-9F83-64C4509B5B84}.Release|Any CPU.ActiveCfg = Release|Any CPU
		{916D1943-5341-4F2C-9F83-64C4509B5B84}.Release|Any CPU.Build.0 = Release|Any CPU
	EndGlobalSection
	GlobalSection(SolutionProperties) = preSolution
		HideSolutionNode = FALSE
	EndGlobalSection
	GlobalSection(ExtensibilityGlobals) = postSolution
		SolutionGuid = {A8E69E34-DFCF-4748-A153-E3BEA98FD235}
	EndGlobalSection
EndGlobal
